
Microsoft Visual Studio Solution File, Format Version 12.00
# Visual Studio Version 16
VisualStudioVersion = 16.0.29102.190
MinimumVisualStudioVersion = 10.0.40219.1
Project("{FAE04EC0-301F-11D3-BF4B-00C04F79EFBC}") = "TechTest", "TechTest\TechTest.csproj", "{46E12B1D-A1B4-4AB4-9EA4-491E8026F6DE}"
EndProject
Global
	GlobalSection(SolutionConfigurationPlatforms) = preSolution
		Debug|Any CPU = Debug|Any CPU
		Release|Any CPU = Release|Any CPU
	EndGlobalSection
	GlobalSection(ProjectConfigurationPlatforms) = postSolution
		{46E12B1D-A1B4-4AB4-9EA4-491E8026F6DE}.Debug|Any CPU.ActiveCfg = Debug|Any CPU
		{46E12B1D-A1B4-4AB4-9EA4-491E8026F6DE}.Debug|Any CPU.Build.0 = Debug|Any CPU
		{46E12B1D-A1B4-4AB4-9EA4-491E8026F6DE}.Release|Any CPU.ActiveCfg = Release|Any CPU
		{46E12B1D-A1B4-4AB4-9EA4-491E8026F6DE}.Release|Any CPU.Build.0 = Release|Any CPU
	EndGlobalSection
	GlobalSection(SolutionProperties) = preSolution
		HideSolutionNode = FALSE
	EndGlobalSection
	GlobalSection(ExtensibilityGlobals) = postSolution
		SolutionGuid = {A9B51E53-E9C7-446A-A749-6EC3BAFB8A35}
	EndGlobalSection
EndGlobal
